
Microsoft Visual Studio Solution File, Format Version 12.00
# Visual Studio Version 16
VisualStudioVersion = 16.0.29613.14
MinimumVisualStudioVersion = 10.0.40219.1
Project("{FAE04EC0-301F-11D3-BF4B-00C04F79EFBC}") = "Calculator", "Calculator\Calculator.csproj", "{94D75509-E5BA-43B6-ABA9-50B79469386C}"
EndProject
Global
	GlobalSection(SolutionConfigurationPlatforms) = preSolution
		Debug|Any CPU = Debug|Any CPU
		Release|Any CPU = Release|Any CPU
	EndGlobalSection
	GlobalSection(ProjectConfigurationPlatforms) = postSolution
		{94D75509-E5BA-43B6-ABA9-50B79469386C}.Debug|Any CPU.ActiveCfg = Debug|Any CPU
		{94D75509-E5BA-43B6-ABA9-50B79469386C}.Debug|Any CPU.Build.0 = Debug|Any CPU
		{94D75509-E5BA-43B6-ABA9-50B79469386C}.Release|Any CPU.ActiveCfg = Release|Any CPU
		{94D75509-E5BA-43B6-ABA9-50B79469386C}.Release|Any CPU.Build.0 = Release|Any CPU
	EndGlobalSection
	GlobalSection(SolutionProperties) = preSolution
		HideSolutionNode = FALSE
	EndGlobalSection
	GlobalSection(ExtensibilityGlobals) = postSolution
		SolutionGuid = {4B86148B-70FC-4502-B063-B862B4E4E5F7}
	EndGlobalSection
EndGlobal
